{
  "name": "laos-indexer-btc-api",
  "version": "1.0.0",
  "lockfileVersion": 3,
  "requires": true,
  "packages": {
    "": {
      "name": "laos-indexer-btc-api",
      "version": "1.0.0",
      "license": "ISC",
      "dependencies": {
        "class-validator": "^0.14.1",
        "dotenv": "^16.4.7",
        "graphql-type-json": "^0.3.2",
        "graphql-yoga": "^5.12.1",
        "pg": "^8.13.3",
        "reflect-metadata": "^0.2.2",
        "ts-node": "^10.9.2",
        "type-graphql": "^2.0.0-rc.2"
      },
      "devDependencies": {
        "@types/node": "^22.13.5",
        "typescript": "^5.7.3"
      }
    },
    "node_modules/@cspotcode/source-map-support": {
      "version": "0.8.1",
      "resolved": "https://registry.npmjs.org/@cspotcode/source-map-support/-/source-map-support-0.8.1.tgz",
      "integrity": "sha512-IchNf6dN4tHoMFIn/7OE8LWZ19Y6q/67Bmf6vnGREv8RSbBVb9LPJxEcnwrcwX6ixSvaiGoomAUvu4YSxXrVgw==",
      "license": "MIT",
      "dependencies": {
        "@jridgewell/trace-mapping": "0.3.9"
      },
      "engines": {
        "node": ">=12"
      }
    },
    "node_modules/@envelop/core": {
      "version": "5.1.1",
      "resolved": "https://registry.npmjs.org/@envelop/core/-/core-5.1.1.tgz",
      "integrity": "sha512-6+OukzuNsm33DtLnOats3e7VnnHndqINJbp/vlIyIlSGBc/wtgQiTAijNWwHhnozHc7WmCKzTsPSrGObvkJazg==",
      "license": "MIT",
      "dependencies": {
        "@envelop/types": "^5.1.1",
        "@whatwg-node/promise-helpers": "^1.0.0",
        "tslib": "^2.5.0"
      },
      "engines": {
        "node": ">=18.0.0"
      }
    },
    "node_modules/@envelop/types": {
      "version": "5.1.1",
      "resolved": "https://registry.npmjs.org/@envelop/types/-/types-5.1.1.tgz",
      "integrity": "sha512-uJyCPQRSqxH/4q8/TTTY2fMYIK/Tgv1IhOm6aFUUxuE/EI7muJM/UI85iv9Qo1OCpaafthwRLWzufRp20FyXaA==",
      "license": "MIT",
      "dependencies": {
        "@whatwg-node/promise-helpers": "^1.0.0",
        "tslib": "^2.5.0"
      },
      "engines": {
        "node": ">=18.0.0"
      }
    },
    "node_modules/@graphql-tools/executor": {
      "version": "1.4.2",
      "resolved": "https://registry.npmjs.org/@graphql-tools/executor/-/executor-1.4.2.tgz",
      "integrity": "sha512-TzXh4SIfkOp969xeX3Z2dArzLXisAuj+YOnlhqphX+rC/OzZ1m4cZxsxaqosp/hTwlt5xXJFCoOPYjHEAU42Rw==",
      "license": "MIT",
      "dependencies": {
        "@graphql-tools/utils": "^10.8.3",
        "@graphql-typed-document-node/core": "^3.2.0",
        "@repeaterjs/repeater": "^3.0.4",
        "@whatwg-node/disposablestack": "^0.0.6",
        "@whatwg-node/promise-helpers": "^1.0.0",
        "tslib": "^2.4.0"
      },
      "engines": {
        "node": ">=16.0.0"
      },
      "peerDependencies": {
        "graphql": "^14.0.0 || ^15.0.0 || ^16.0.0 || ^17.0.0"
      }
    },
    "node_modules/@graphql-tools/merge": {
      "version": "9.0.21",
      "resolved": "https://registry.npmjs.org/@graphql-tools/merge/-/merge-9.0.21.tgz",
      "integrity": "sha512-5EiVL2InZeBlsZXlXjqyNMD697QP44j/dipXEogHlZcZzWEP/JTDwx9hTfFbmrePVR8+p89gFg1tE25iEgSong==",
      "license": "MIT",
      "dependencies": {
        "@graphql-tools/utils": "^10.8.3",
        "tslib": "^2.4.0"
      },
      "engines": {
        "node": ">=16.0.0"
      },
      "peerDependencies": {
        "graphql": "^14.0.0 || ^15.0.0 || ^16.0.0 || ^17.0.0"
      }
    },
    "node_modules/@graphql-tools/schema": {
      "version": "10.0.20",
      "resolved": "https://registry.npmjs.org/@graphql-tools/schema/-/schema-10.0.20.tgz",
      "integrity": "sha512-BmDqXS9gHJF2Cl1k+IOiPCYWApBU6LhqSEPc8WmAxn08HtmhKoCizwiUuWtt8SOV67yoMzC1zJFkBdm3wZX9Fw==",
      "license": "MIT",
      "dependencies": {
        "@graphql-tools/merge": "^9.0.21",
        "@graphql-tools/utils": "^10.8.3",
        "tslib": "^2.4.0"
      },
      "engines": {
        "node": ">=16.0.0"
      },
      "peerDependencies": {
        "graphql": "^14.0.0 || ^15.0.0 || ^16.0.0 || ^17.0.0"
      }
    },
    "node_modules/@graphql-tools/utils": {
      "version": "10.8.3",
      "resolved": "https://registry.npmjs.org/@graphql-tools/utils/-/utils-10.8.3.tgz",
      "integrity": "sha512-4QCvx3SWRsbH7wnktl51mBek+zE9hsjsv796XVlJlOUdWpAghJmA3ID2P7/Vwuy7BivVNfuAKe4ucUdE1fG7vA==",
      "license": "MIT",
      "dependencies": {
        "@graphql-typed-document-node/core": "^3.1.1",
        "@whatwg-node/promise-helpers": "^1.0.0",
        "cross-inspect": "1.0.1",
        "dset": "^3.1.4",
        "tslib": "^2.4.0"
      },
      "engines": {
        "node": ">=16.0.0"
      },
      "peerDependencies": {
        "graphql": "^14.0.0 || ^15.0.0 || ^16.0.0 || ^17.0.0"
      }
    },
    "node_modules/@graphql-typed-document-node/core": {
      "version": "3.2.0",
      "resolved": "https://registry.npmjs.org/@graphql-typed-document-node/core/-/core-3.2.0.tgz",
      "integrity": "sha512-mB9oAsNCm9aM3/SOv4YtBMqZbYj10R7dkq8byBqxGY/ncFwhf2oQzMV+LCRlWoDSEBJ3COiR1yeDvMtsoOsuFQ==",
      "license": "MIT",
      "peerDependencies": {
        "graphql": "^0.8.0 || ^0.9.0 || ^0.10.0 || ^0.11.0 || ^0.12.0 || ^0.13.0 || ^14.0.0 || ^15.0.0 || ^16.0.0 || ^17.0.0"
      }
    },
    "node_modules/@graphql-yoga/logger": {
      "version": "2.0.1",
      "resolved": "https://registry.npmjs.org/@graphql-yoga/logger/-/logger-2.0.1.tgz",
      "integrity": "sha512-Nv0BoDGLMg9QBKy9cIswQ3/6aKaKjlTh87x3GiBg2Z4RrjyrM48DvOOK0pJh1C1At+b0mUIM67cwZcFTDLN4sA==",
      "license": "MIT",
      "dependencies": {
        "tslib": "^2.8.1"
      },
      "engines": {
        "node": ">=18.0.0"
      }
    },
    "node_modules/@graphql-yoga/subscription": {
      "version": "5.0.3",
      "resolved": "https://registry.npmjs.org/@graphql-yoga/subscription/-/subscription-5.0.3.tgz",
      "integrity": "sha512-xLGEataxCULjL9rlTCVFL1IW2E90TnDIL+mE4lZBi9X92jc6s+Q+jk6Ax3I98kryCJh0UMiwjit7CaIIczTiJg==",
      "license": "MIT",
      "dependencies": {
        "@graphql-yoga/typed-event-target": "^3.0.2",
        "@repeaterjs/repeater": "^3.0.4",
        "@whatwg-node/events": "^0.1.0",
        "tslib": "^2.8.1"
      },
      "engines": {
        "node": ">=18.0.0"
      }
    },
    "node_modules/@graphql-yoga/typed-event-target": {
      "version": "3.0.2",
      "resolved": "https://registry.npmjs.org/@graphql-yoga/typed-event-target/-/typed-event-target-3.0.2.tgz",
      "integrity": "sha512-ZpJxMqB+Qfe3rp6uszCQoag4nSw42icURnBRfFYSOmTgEeOe4rD0vYlbA8spvCu2TlCesNTlEN9BLWtQqLxabA==",
      "license": "MIT",
      "dependencies": {
        "@repeaterjs/repeater": "^3.0.4",
        "tslib": "^2.8.1"
      },
      "engines": {
        "node": ">=18.0.0"
      }
    },
    "node_modules/@jridgewell/resolve-uri": {
      "version": "3.1.2",
      "resolved": "https://registry.npmjs.org/@jridgewell/resolve-uri/-/resolve-uri-3.1.2.tgz",
      "integrity": "sha512-bRISgCIjP20/tbWSPWMEi54QVPRZExkuD9lJL+UIxUKtwVJA8wW1Trb1jMs1RFXo1CBTNZ/5hpC9QvmKWdopKw==",
      "license": "MIT",
      "engines": {
        "node": ">=6.0.0"
      }
    },
    "node_modules/@jridgewell/sourcemap-codec": {
      "version": "1.5.0",
      "resolved": "https://registry.npmjs.org/@jridgewell/sourcemap-codec/-/sourcemap-codec-1.5.0.tgz",
      "integrity": "sha512-gv3ZRaISU3fjPAgNsriBRqGWQL6quFx04YMPW/zD8XMLsU32mhCCbfbO6KZFLjvYpCZ8zyDEgqsgf+PwPaM7GQ==",
      "license": "MIT"
    },
    "node_modules/@jridgewell/trace-mapping": {
      "version": "0.3.9",
      "resolved": "https://registry.npmjs.org/@jridgewell/trace-mapping/-/trace-mapping-0.3.9.tgz",
      "integrity": "sha512-3Belt6tdc8bPgAtbcmdtNJlirVoTmEb5e2gC94PnkwEW9jI6CAHUeoG85tjWP5WquqfavoMtMwiG4P926ZKKuQ==",
      "license": "MIT",
      "dependencies": {
        "@jridgewell/resolve-uri": "^3.0.3",
        "@jridgewell/sourcemap-codec": "^1.4.10"
      }
    },
    "node_modules/@repeaterjs/repeater": {
      "version": "3.0.6",
      "resolved": "https://registry.npmjs.org/@repeaterjs/repeater/-/repeater-3.0.6.tgz",
      "integrity": "sha512-Javneu5lsuhwNCryN+pXH93VPQ8g0dBX7wItHFgYiwQmzE1sVdg5tWHiOgHywzL2W21XQopa7IwIEnNbmeUJYA==",
      "license": "MIT"
    },
    "node_modules/@tsconfig/node10": {
      "version": "1.0.11",
      "resolved": "https://registry.npmjs.org/@tsconfig/node10/-/node10-1.0.11.tgz",
      "integrity": "sha512-DcRjDCujK/kCk/cUe8Xz8ZSpm8mS3mNNpta+jGCA6USEDfktlNvm1+IuZ9eTcDbNk41BHwpHHeW+N1lKCz4zOw==",
      "license": "MIT"
    },
    "node_modules/@tsconfig/node12": {
      "version": "1.0.11",
      "resolved": "https://registry.npmjs.org/@tsconfig/node12/-/node12-1.0.11.tgz",
      "integrity": "sha512-cqefuRsh12pWyGsIoBKJA9luFu3mRxCA+ORZvA4ktLSzIuCUtWVxGIuXigEwO5/ywWFMZ2QEGKWvkZG1zDMTag==",
      "license": "MIT"
    },
    "node_modules/@tsconfig/node14": {
      "version": "1.0.3",
      "resolved": "https://registry.npmjs.org/@tsconfig/node14/-/node14-1.0.3.tgz",
      "integrity": "sha512-ysT8mhdixWK6Hw3i1V2AeRqZ5WfXg1G43mqoYlM2nc6388Fq5jcXyr5mRsqViLx/GJYdoL0bfXD8nmF+Zn/Iow==",
      "license": "MIT"
    },
    "node_modules/@tsconfig/node16": {
      "version": "1.0.4",
      "resolved": "https://registry.npmjs.org/@tsconfig/node16/-/node16-1.0.4.tgz",
      "integrity": "sha512-vxhUy4J8lyeyinH7Azl1pdd43GJhZH/tP2weN8TntQblOY+A0XbT8DJk1/oCPuOOyg/Ja757rG0CgHcWC8OfMA==",
      "license": "MIT"
    },
    "node_modules/@types/node": {
      "version": "22.13.5",
      "resolved": "https://registry.npmjs.org/@types/node/-/node-22.13.5.tgz",
      "integrity": "sha512-+lTU0PxZXn0Dr1NBtC7Y8cR21AJr87dLLU953CWA6pMxxv/UDc7jYAY90upcrie1nRcD6XNG5HOYEDtgW5TxAg==",
      "license": "MIT",
      "dependencies": {
        "undici-types": "~6.20.0"
      }
    },
    "node_modules/@types/semver": {
      "version": "7.5.8",
      "resolved": "https://registry.npmjs.org/@types/semver/-/semver-7.5.8.tgz",
      "integrity": "sha512-I8EUhyrgfLrcTkzV3TSsGyl1tSuPrEDzr0yd5m90UgNxQkyDXULk3b6MlQqTCpZpNtWe1K0hzclnZkTcLBe2UQ==",
      "license": "MIT"
    },
    "node_modules/@types/validator": {
      "version": "13.12.2",
      "resolved": "https://registry.npmjs.org/@types/validator/-/validator-13.12.2.tgz",
      "integrity": "sha512-6SlHBzUW8Jhf3liqrGGXyTJSIFe4nqlJ5A5KaMZ2l/vbM3Wh3KSybots/wfWVzNLK4D1NZluDlSQIbIEPx6oyA==",
      "license": "MIT"
    },
    "node_modules/@whatwg-node/disposablestack": {
      "version": "0.0.6",
      "resolved": "https://registry.npmjs.org/@whatwg-node/disposablestack/-/disposablestack-0.0.6.tgz",
      "integrity": "sha512-LOtTn+JgJvX8WfBVJtF08TGrdjuFzGJc4mkP8EdDI8ADbvO7kiexYep1o8dwnt0okb0jYclCDXF13xU7Ge4zSw==",
      "license": "MIT",
      "dependencies": {
        "@whatwg-node/promise-helpers": "^1.0.0",
        "tslib": "^2.6.3"
      },
      "engines": {
        "node": ">=18.0.0"
      }
    },
    "node_modules/@whatwg-node/events": {
      "version": "0.1.2",
      "resolved": "https://registry.npmjs.org/@whatwg-node/events/-/events-0.1.2.tgz",
      "integrity": "sha512-ApcWxkrs1WmEMS2CaLLFUEem/49erT3sxIVjpzU5f6zmVcnijtDSrhoK2zVobOIikZJdH63jdAXOrvjf6eOUNQ==",
      "license": "MIT",
      "dependencies": {
        "tslib": "^2.6.3"
      },
      "engines": {
        "node": ">=18.0.0"
      }
    },
    "node_modules/@whatwg-node/fetch": {
      "version": "0.10.5",
      "resolved": "https://registry.npmjs.org/@whatwg-node/fetch/-/fetch-0.10.5.tgz",
      "integrity": "sha512-+yFJU3hmXPAHJULwx0VzCIsvr/H0lvbPvbOH3areOH3NAuCxCwaJsQ8w6/MwwMcvEWIynSsmAxoyaH04KeosPg==",
      "license": "MIT",
      "dependencies": {
        "@whatwg-node/node-fetch": "^0.7.11",
        "urlpattern-polyfill": "^10.0.0"
      },
      "engines": {
        "node": ">=18.0.0"
      }
    },
    "node_modules/@whatwg-node/node-fetch": {
      "version": "0.7.12",
      "resolved": "https://registry.npmjs.org/@whatwg-node/node-fetch/-/node-fetch-0.7.12.tgz",
      "integrity": "sha512-ec9ZPDImceXD9gShv0VTc6q0waZ7ccpiYXNbAeGMjGQAZ8hkAeAYOXoiJsfaHO5Pt0UR+SbNVTJGP2aeFMYz0Q==",
      "license": "MIT",
      "dependencies": {
        "@whatwg-node/disposablestack": "^0.0.6",
        "@whatwg-node/promise-helpers": "^1.0.0",
        "busboy": "^1.6.0",
        "tslib": "^2.6.3"
      },
      "engines": {
        "node": ">=18.0.0"
      }
    },
    "node_modules/@whatwg-node/promise-helpers": {
      "version": "1.2.1",
      "resolved": "https://registry.npmjs.org/@whatwg-node/promise-helpers/-/promise-helpers-1.2.1.tgz",
      "integrity": "sha512-+faGtJlS4U8NSaSzRVN37xAprPdhoobYzUSUo4DgH8APtfFyizmNxp0ckwKcURoL8cy2B+bKxOWU/VIH2nFeLg==",
      "license": "MIT",
      "dependencies": {
        "tslib": "^2.6.3"
      },
      "engines": {
        "node": ">=18.0.0"
      }
    },
    "node_modules/@whatwg-node/server": {
      "version": "0.9.70",
      "resolved": "https://registry.npmjs.org/@whatwg-node/server/-/server-0.9.70.tgz",
      "integrity": "sha512-YjZgF5E29R8QwtYo5WWIERXA0Hn7TSmrpVsIGYZpJDSQNE0gFpcsijmzxpviYtSm69Ayu8B9xOg+EFVk+sVtgA==",
      "license": "MIT",
      "dependencies": {
        "@whatwg-node/disposablestack": "^0.0.6",
        "@whatwg-node/fetch": "^0.10.5",
        "@whatwg-node/promise-helpers": "^1.0.0",
        "tslib": "^2.6.3"
      },
      "engines": {
        "node": ">=18.0.0"
      }
    },
    "node_modules/acorn": {
      "version": "8.14.0",
      "resolved": "https://registry.npmjs.org/acorn/-/acorn-8.14.0.tgz",
      "integrity": "sha512-cl669nCJTZBsL97OF4kUQm5g5hC2uihk0NxY3WENAC0TYdILVkAyHymAntgxGkl7K+t0cXIrH5siy5S4XkFycA==",
      "license": "MIT",
      "bin": {
        "acorn": "bin/acorn"
      },
      "engines": {
        "node": ">=0.4.0"
      }
    },
    "node_modules/acorn-walk": {
      "version": "8.3.4",
      "resolved": "https://registry.npmjs.org/acorn-walk/-/acorn-walk-8.3.4.tgz",
      "integrity": "sha512-ueEepnujpqee2o5aIYnvHU6C0A42MNdsIDeqy5BydrkuC5R1ZuUFnm27EeFJGoEHJQgn3uleRvmTXaJgfXbt4g==",
      "license": "MIT",
      "dependencies": {
        "acorn": "^8.11.0"
      },
      "engines": {
        "node": ">=0.4.0"
      }
    },
    "node_modules/arg": {
      "version": "4.1.3",
      "resolved": "https://registry.npmjs.org/arg/-/arg-4.1.3.tgz",
      "integrity": "sha512-58S9QDqG0Xx27YwPSt9fJxivjYl432YCwfDMfZ+71RAqUrZef7LrKQZ3LHLOwCS4FLNBplP533Zx895SeOCHvA==",
      "license": "MIT"
    },
    "node_modules/busboy": {
      "version": "1.6.0",
      "resolved": "https://registry.npmjs.org/busboy/-/busboy-1.6.0.tgz",
      "integrity": "sha512-8SFQbg/0hQ9xy3UNTB0YEnsNBbWfhf7RtnzpL7TkBiTBRfrQ9Fxcnz7VJsleJpyp6rVLvXiuORqjlHi5q+PYuA==",
      "dependencies": {
        "streamsearch": "^1.1.0"
      },
      "engines": {
        "node": ">=10.16.0"
      }
    },
    "node_modules/class-validator": {
      "version": "0.14.1",
      "resolved": "https://registry.npmjs.org/class-validator/-/class-validator-0.14.1.tgz",
      "integrity": "sha512-2VEG9JICxIqTpoK1eMzZqaV+u/EiwEJkMGzTrZf6sU/fwsnOITVgYJ8yojSy6CaXtO9V0Cc6ZQZ8h8m4UBuLwQ==",
      "license": "MIT",
      "dependencies": {
        "@types/validator": "^13.11.8",
        "libphonenumber-js": "^1.10.53",
        "validator": "^13.9.0"
      }
    },
    "node_modules/create-require": {
      "version": "1.1.1",
      "resolved": "https://registry.npmjs.org/create-require/-/create-require-1.1.1.tgz",
      "integrity": "sha512-dcKFX3jn0MpIaXjisoRvexIJVEKzaq7z2rZKxf+MSr9TkdmHmsU4m2lcLojrj/FHl8mk5VxMmYA+ftRkP/3oKQ==",
      "license": "MIT"
    },
    "node_modules/cross-inspect": {
      "version": "1.0.1",
      "resolved": "https://registry.npmjs.org/cross-inspect/-/cross-inspect-1.0.1.tgz",
      "integrity": "sha512-Pcw1JTvZLSJH83iiGWt6fRcT+BjZlCDRVwYLbUcHzv/CRpB7r0MlSrGbIyQvVSNyGnbt7G4AXuyCiDR3POvZ1A==",
      "license": "MIT",
      "dependencies": {
        "tslib": "^2.4.0"
      },
      "engines": {
        "node": ">=16.0.0"
      }
    },
    "node_modules/diff": {
      "version": "4.0.2",
      "resolved": "https://registry.npmjs.org/diff/-/diff-4.0.2.tgz",
      "integrity": "sha512-58lmxKSA4BNyLz+HHMUzlOEpg09FV+ev6ZMe3vJihgdxzgcwZ8VoEEPmALCZG9LmqfVoNMMKpttIYTVG6uDY7A==",
      "license": "BSD-3-Clause",
      "engines": {
        "node": ">=0.3.1"
      }
    },
    "node_modules/dotenv": {
      "version": "16.4.7",
      "resolved": "https://registry.npmjs.org/dotenv/-/dotenv-16.4.7.tgz",
      "integrity": "sha512-47qPchRCykZC03FhkYAhrvwU4xDBFIj1QPqaarj6mdM/hgUzfPHcpkHJOn3mJAufFeeAxAzeGsr5X0M4k6fLZQ==",
      "license": "BSD-2-Clause",
      "engines": {
        "node": ">=12"
      },
      "funding": {
        "url": "https://dotenvx.com"
      }
    },
    "node_modules/dset": {
      "version": "3.1.4",
      "resolved": "https://registry.npmjs.org/dset/-/dset-3.1.4.tgz",
      "integrity": "sha512-2QF/g9/zTaPDc3BjNcVTGoBbXBgYfMTTceLaYcFJ/W9kggFUkhxD/hMEeuLKbugyef9SqAx8cpgwlIP/jinUTA==",
      "license": "MIT",
      "engines": {
        "node": ">=4"
      }
    },
    "node_modules/graphql": {
      "version": "16.10.0",
      "resolved": "https://registry.npmjs.org/graphql/-/graphql-16.10.0.tgz",
      "integrity": "sha512-AjqGKbDGUFRKIRCP9tCKiIGHyriz2oHEbPIbEtcSLSs4YjReZOIPQQWek4+6hjw62H9QShXHyaGivGiYVLeYFQ==",
      "license": "MIT",
      "peer": true,
      "engines": {
        "node": "^12.22.0 || ^14.16.0 || ^16.0.0 || >=17.0.0"
      }
    },
    "node_modules/graphql-query-complexity": {
      "version": "0.12.0",
      "resolved": "https://registry.npmjs.org/graphql-query-complexity/-/graphql-query-complexity-0.12.0.tgz",
      "integrity": "sha512-fWEyuSL6g/+nSiIRgIipfI6UXTI7bAxrpPlCY1c0+V3pAEUo1ybaKmSBgNr1ed2r+agm1plJww8Loig9y6s2dw==",
      "license": "MIT",
      "dependencies": {
        "lodash.get": "^4.4.2"
      },
      "peerDependencies": {
        "graphql": "^14.6.0 || ^15.0.0 || ^16.0.0"
      }
    },
    "node_modules/graphql-scalars": {
      "version": "1.24.1",
      "resolved": "https://registry.npmjs.org/graphql-scalars/-/graphql-scalars-1.24.1.tgz",
      "integrity": "sha512-3L553TMPh3YpHQM4x9G4tXcyD+AX8QQOYA6tUn1nrNiWEXE0JfAnWdjoe3WGxRuGjnZrzvHDz62q8S+sSGXXwA==",
      "license": "MIT",
      "peer": true,
      "dependencies": {
        "tslib": "^2.5.0"
      },
      "engines": {
        "node": ">=10"
      },
      "peerDependencies": {
        "graphql": "^0.8.0 || ^0.9.0 || ^0.10.0 || ^0.11.0 || ^0.12.0 || ^0.13.0 || ^14.0.0 || ^15.0.0 || ^16.0.0"
      }
    },
    "node_modules/graphql-type-json": {
      "version": "0.3.2",
      "resolved": "https://registry.npmjs.org/graphql-type-json/-/graphql-type-json-0.3.2.tgz",
      "integrity": "sha512-J+vjof74oMlCWXSvt0DOf2APEdZOCdubEvGDUAlqH//VBYcOYsGgRW7Xzorr44LvkjiuvecWc8fChxuZZbChtg==",
      "license": "MIT",
      "peerDependencies": {
        "graphql": ">=0.8.0"
      }
    },
    "node_modules/graphql-yoga": {
      "version": "5.12.1",
      "resolved": "https://registry.npmjs.org/graphql-yoga/-/graphql-yoga-5.12.1.tgz",
      "integrity": "sha512-5XI+SNkwJQoACoSWDKzBjHpbd6V32tZZ68lpJZ/7uvAq5kzTLPmsi1V7trOA/k1GDf+XYaeUnpl8dqWDtohdeg==",
      "license": "MIT",
      "dependencies": {
        "@envelop/core": "^5.0.2",
        "@graphql-tools/executor": "^1.4.0",
        "@graphql-tools/schema": "^10.0.11",
        "@graphql-tools/utils": "^10.6.2",
        "@graphql-yoga/logger": "^2.0.1",
        "@graphql-yoga/subscription": "^5.0.3",
        "@whatwg-node/fetch": "^0.10.5",
        "@whatwg-node/server": "^0.9.69",
        "dset": "^3.1.4",
        "lru-cache": "^10.0.0",
        "tslib": "^2.8.1"
      },
      "engines": {
        "node": ">=18.0.0"
      },
      "peerDependencies": {
        "graphql": "^15.2.0 || ^16.0.0"
      }
    },
    "node_modules/libphonenumber-js": {
      "version": "1.12.4",
      "resolved": "https://registry.npmjs.org/libphonenumber-js/-/libphonenumber-js-1.12.4.tgz",
      "integrity": "sha512-vLmhg7Gan7idyAKfc6pvCtNzvar4/eIzrVVk3hjNFH5+fGqyjD0gQRovdTrDl20wsmZhBtmZpcsR0tOfquwb8g==",
      "license": "MIT"
    },
    "node_modules/lodash.get": {
      "version": "4.4.2",
      "resolved": "https://registry.npmjs.org/lodash.get/-/lodash.get-4.4.2.tgz",
      "integrity": "sha512-z+Uw/vLuy6gQe8cfaFWD7p0wVv8fJl3mbzXh33RS+0oW2wvUqiRXiQ69gLWSLpgB5/6sU+r6BlQR0MBILadqTQ==",
      "deprecated": "This package is deprecated. Use the optional chaining (?.) operator instead.",
      "license": "MIT"
    },
    "node_modules/lru-cache": {
      "version": "10.4.3",
      "resolved": "https://registry.npmjs.org/lru-cache/-/lru-cache-10.4.3.tgz",
      "integrity": "sha512-JNAzZcXrCt42VGLuYz0zfAzDfAvJWW6AfYlDBQyDV5DClI2m5sAmK+OIO7s59XfsRsWHp02jAJrRadPRGTt6SQ==",
      "license": "ISC"
    },
    "node_modules/make-error": {
      "version": "1.3.6",
      "resolved": "https://registry.npmjs.org/make-error/-/make-error-1.3.6.tgz",
      "integrity": "sha512-s8UhlNe7vPKomQhC1qFelMokr/Sc3AgNbso3n74mVPA5LTZwkB9NlXf4XPamLxJE8h0gh73rM94xvwRT2CVInw==",
      "license": "ISC"
    },
    "node_modules/pg": {
      "version": "8.13.3",
      "resolved": "https://registry.npmjs.org/pg/-/pg-8.13.3.tgz",
      "integrity": "sha512-P6tPt9jXbL9HVu/SSRERNYaYG++MjnscnegFh9pPHihfoBSujsrka0hyuymMzeJKFWrcG8wvCKy8rCe8e5nDUQ==",
      "license": "MIT",
      "dependencies": {
        "pg-connection-string": "^2.7.0",
        "pg-pool": "^3.7.1",
        "pg-protocol": "^1.7.1",
        "pg-types": "^2.1.0",
        "pgpass": "1.x"
      },
      "engines": {
        "node": ">= 8.0.0"
      },
      "optionalDependencies": {
        "pg-cloudflare": "^1.1.1"
      },
      "peerDependencies": {
        "pg-native": ">=3.0.1"
      },
      "peerDependenciesMeta": {
        "pg-native": {
          "optional": true
        }
      }
    },
    "node_modules/pg-cloudflare": {
      "version": "1.1.1",
      "resolved": "https://registry.npmjs.org/pg-cloudflare/-/pg-cloudflare-1.1.1.tgz",
      "integrity": "sha512-xWPagP/4B6BgFO+EKz3JONXv3YDgvkbVrGw2mTo3D6tVDQRh1e7cqVGvyR3BE+eQgAvx1XhW/iEASj4/jCWl3Q==",
      "license": "MIT",
      "optional": true
    },
    "node_modules/pg-connection-string": {
      "version": "2.7.0",
      "resolved": "https://registry.npmjs.org/pg-connection-string/-/pg-connection-string-2.7.0.tgz",
      "integrity": "sha512-PI2W9mv53rXJQEOb8xNR8lH7Hr+EKa6oJa38zsK0S/ky2er16ios1wLKhZyxzD7jUReiWokc9WK5nxSnC7W1TA==",
      "license": "MIT"
    },
    "node_modules/pg-int8": {
      "version": "1.0.1",
      "resolved": "https://registry.npmjs.org/pg-int8/-/pg-int8-1.0.1.tgz",
      "integrity": "sha512-WCtabS6t3c8SkpDBUlb1kjOs7l66xsGdKpIPZsg4wR+B3+u9UAum2odSsF9tnvxg80h4ZxLWMy4pRjOsFIqQpw==",
      "license": "ISC",
      "engines": {
        "node": ">=4.0.0"
      }
    },
    "node_modules/pg-pool": {
      "version": "3.7.1",
      "resolved": "https://registry.npmjs.org/pg-pool/-/pg-pool-3.7.1.tgz",
      "integrity": "sha512-xIOsFoh7Vdhojas6q3596mXFsR8nwBQBXX5JiV7p9buEVAGqYL4yFzclON5P9vFrpu1u7Zwl2oriyDa89n0wbw==",
      "license": "MIT",
      "peerDependencies": {
        "pg": ">=8.0"
      }
    },
    "node_modules/pg-protocol": {
      "version": "1.7.1",
      "resolved": "https://registry.npmjs.org/pg-protocol/-/pg-protocol-1.7.1.tgz",
      "integrity": "sha512-gjTHWGYWsEgy9MsY0Gp6ZJxV24IjDqdpTW7Eh0x+WfJLFsm/TJx1MzL6T0D88mBvkpxotCQ6TwW6N+Kko7lhgQ==",
      "license": "MIT"
    },
    "node_modules/pg-types": {
      "version": "2.2.0",
      "resolved": "https://registry.npmjs.org/pg-types/-/pg-types-2.2.0.tgz",
      "integrity": "sha512-qTAAlrEsl8s4OiEQY69wDvcMIdQN6wdz5ojQiOy6YRMuynxenON0O5oCpJI6lshc6scgAY8qvJ2On/p+CXY0GA==",
      "license": "MIT",
      "dependencies": {
        "pg-int8": "1.0.1",
        "postgres-array": "~2.0.0",
        "postgres-bytea": "~1.0.0",
        "postgres-date": "~1.0.4",
        "postgres-interval": "^1.1.0"
      },
      "engines": {
        "node": ">=4"
      }
    },
    "node_modules/pgpass": {
      "version": "1.0.5",
      "resolved": "https://registry.npmjs.org/pgpass/-/pgpass-1.0.5.tgz",
      "integrity": "sha512-FdW9r/jQZhSeohs1Z3sI1yxFQNFvMcnmfuj4WBMUTxOrAyLMaTcE1aAMBiTlbMNaXvBCQuVi0R7hd8udDSP7ug==",
      "license": "MIT",
      "dependencies": {
        "split2": "^4.1.0"
      }
    },
    "node_modules/postgres-array": {
      "version": "2.0.0",
      "resolved": "https://registry.npmjs.org/postgres-array/-/postgres-array-2.0.0.tgz",
      "integrity": "sha512-VpZrUqU5A69eQyW2c5CA1jtLecCsN2U/bD6VilrFDWq5+5UIEVO7nazS3TEcHf1zuPYO/sqGvUvW62g86RXZuA==",
      "license": "MIT",
      "engines": {
        "node": ">=4"
      }
    },
    "node_modules/postgres-bytea": {
      "version": "1.0.0",
      "resolved": "https://registry.npmjs.org/postgres-bytea/-/postgres-bytea-1.0.0.tgz",
      "integrity": "sha512-xy3pmLuQqRBZBXDULy7KbaitYqLcmxigw14Q5sj8QBVLqEwXfeybIKVWiqAXTlcvdvb0+xkOtDbfQMOf4lST1w==",
      "license": "MIT",
      "engines": {
        "node": ">=0.10.0"
      }
    },
    "node_modules/postgres-date": {
      "version": "1.0.7",
      "resolved": "https://registry.npmjs.org/postgres-date/-/postgres-date-1.0.7.tgz",
      "integrity": "sha512-suDmjLVQg78nMK2UZ454hAG+OAW+HQPZ6n++TNDUX+L0+uUlLywnoxJKDou51Zm+zTCjrCl0Nq6J9C5hP9vK/Q==",
      "license": "MIT",
      "engines": {
        "node": ">=0.10.0"
      }
    },
    "node_modules/postgres-interval": {
      "version": "1.2.0",
      "resolved": "https://registry.npmjs.org/postgres-interval/-/postgres-interval-1.2.0.tgz",
      "integrity": "sha512-9ZhXKM/rw350N1ovuWHbGxnGh/SNJ4cnxHiM0rxE4VN41wsg8P8zWn9hv/buK00RP4WvlOyr/RBDiptyxVbkZQ==",
      "license": "MIT",
      "dependencies": {
        "xtend": "^4.0.0"
      },
      "engines": {
        "node": ">=0.10.0"
      }
    },
    "node_modules/reflect-metadata": {
      "version": "0.2.2",
      "resolved": "https://registry.npmjs.org/reflect-metadata/-/reflect-metadata-0.2.2.tgz",
      "integrity": "sha512-urBwgfrvVP/eAyXx4hluJivBKzuEbSQs9rKWCrCkbSxNv8mxPcUZKeuoF3Uy4mJl3Lwprp6yy5/39VWigZ4K6Q==",
      "license": "Apache-2.0"
    },
    "node_modules/semver": {
      "version": "7.7.1",
      "resolved": "https://registry.npmjs.org/semver/-/semver-7.7.1.tgz",
      "integrity": "sha512-hlq8tAfn0m/61p4BVRcPzIGr6LKiMwo4VM6dGi6pt4qcRkmNzTcWq6eCEjEh+qXjkMDvPlOFFSGwQjoEa6gyMA==",
      "license": "ISC",
      "bin": {
        "semver": "bin/semver.js"
      },
      "engines": {
        "node": ">=10"
      }
    },
    "node_modules/split2": {
      "version": "4.2.0",
      "resolved": "https://registry.npmjs.org/split2/-/split2-4.2.0.tgz",
      "integrity": "sha512-UcjcJOWknrNkF6PLX83qcHM6KHgVKNkV62Y8a5uYDVv9ydGQVwAHMKqHdJje1VTWpljG0WYpCDhrCdAOYH4TWg==",
      "license": "ISC",
      "engines": {
        "node": ">= 10.x"
      }
    },
    "node_modules/streamsearch": {
      "version": "1.1.0",
      "resolved": "https://registry.npmjs.org/streamsearch/-/streamsearch-1.1.0.tgz",
      "integrity": "sha512-Mcc5wHehp9aXz1ax6bZUyY5afg9u2rv5cqQI3mRrYkGC8rW2hM02jWuwjtL++LS5qinSyhj2QfLyNsuc+VsExg==",
      "engines": {
        "node": ">=10.0.0"
      }
    },
    "node_modules/ts-node": {
      "version": "10.9.2",
      "resolved": "https://registry.npmjs.org/ts-node/-/ts-node-10.9.2.tgz",
      "integrity": "sha512-f0FFpIdcHgn8zcPSbf1dRevwt047YMnaiJM3u2w2RewrB+fob/zePZcrOyQoLMMO7aBIddLcQIEK5dYjkLnGrQ==",
      "license": "MIT",
      "dependencies": {
        "@cspotcode/source-map-support": "^0.8.0",
        "@tsconfig/node10": "^1.0.7",
        "@tsconfig/node12": "^1.0.7",
        "@tsconfig/node14": "^1.0.0",
        "@tsconfig/node16": "^1.0.2",
        "acorn": "^8.4.1",
        "acorn-walk": "^8.1.1",
        "arg": "^4.1.0",
        "create-require": "^1.1.0",
        "diff": "^4.0.1",
        "make-error": "^1.1.1",
        "v8-compile-cache-lib": "^3.0.1",
        "yn": "3.1.1"
      },
      "bin": {
        "ts-node": "dist/bin.js",
        "ts-node-cwd": "dist/bin-cwd.js",
        "ts-node-esm": "dist/bin-esm.js",
        "ts-node-script": "dist/bin-script.js",
        "ts-node-transpile-only": "dist/bin-transpile.js",
        "ts-script": "dist/bin-script-deprecated.js"
      },
      "peerDependencies": {
        "@swc/core": ">=1.2.50",
        "@swc/wasm": ">=1.2.50",
        "@types/node": "*",
        "typescript": ">=2.7"
      },
      "peerDependenciesMeta": {
        "@swc/core": {
          "optional": true
        },
        "@swc/wasm": {
          "optional": true
        }
      }
    },
    "node_modules/tslib": {
      "version": "2.8.1",
      "resolved": "https://registry.npmjs.org/tslib/-/tslib-2.8.1.tgz",
      "integrity": "sha512-oJFu94HQb+KVduSUQL7wnpmqnfmLsOA/nAh6b6EH0wCEoK0/mPeXU6c3wKDV83MkOuHPRHtSXKKU99IBazS/2w==",
      "license": "0BSD"
    },
    "node_modules/type-graphql": {
      "version": "2.0.0-rc.2",
      "resolved": "https://registry.npmjs.org/type-graphql/-/type-graphql-2.0.0-rc.2.tgz",
      "integrity": "sha512-DJ8erG1cmjteMrOhFIkBHOqRM+L+wCJxvNjbbj1Y+q2r4HZkB1qOSS4ZD4AaoAfRPAp1yU23gMtmzf0jen/FFA==",
      "funding": [
        {
          "type": "github",
          "url": "https://github.com/sponsors/TypeGraphQL"
        },
        {
          "type": "opencollective",
          "url": "https://opencollective.com/typegraphql"
        }
      ],
      "license": "MIT",
      "dependencies": {
        "@graphql-yoga/subscription": "^5.0.0",
        "@types/node": "*",
        "@types/semver": "^7.5.6",
        "graphql-query-complexity": "^0.12.0",
        "semver": "^7.5.4",
        "tslib": "^2.6.2"
      },
      "engines": {
        "node": ">= 18.12.0"
      },
      "peerDependencies": {
        "class-validator": ">=0.14.0",
        "graphql": "^16.8.1",
        "graphql-scalars": "^1.23.0"
      },
      "peerDependenciesMeta": {
        "class-validator": {
          "optional": true
        }
      }
    },
    "node_modules/typescript": {
      "version": "5.7.3",
      "resolved": "https://registry.npmjs.org/typescript/-/typescript-5.7.3.tgz",
      "integrity": "sha512-84MVSjMEHP+FQRPy3pX9sTVV/INIex71s9TL2Gm5FG/WG1SqXeKyZ0k7/blY/4FdOzI12CBy1vGc4og/eus0fw==",
      "license": "Apache-2.0",
      "bin": {
        "tsc": "bin/tsc",
        "tsserver": "bin/tsserver"
      },
      "engines": {
        "node": ">=14.17"
      }
    },
    "node_modules/undici-types": {
      "version": "6.20.0",
      "resolved": "https://registry.npmjs.org/undici-types/-/undici-types-6.20.0.tgz",
      "integrity": "sha512-Ny6QZ2Nju20vw1SRHe3d9jVu6gJ+4e3+MMpqu7pqE5HT6WsTSlce++GQmK5UXS8mzV8DSYHrQH+Xrf2jVcuKNg==",
      "license": "MIT"
    },
    "node_modules/urlpattern-polyfill": {
      "version": "10.0.0",
      "resolved": "https://registry.npmjs.org/urlpattern-polyfill/-/urlpattern-polyfill-10.0.0.tgz",
      "integrity": "sha512-H/A06tKD7sS1O1X2SshBVeA5FLycRpjqiBeqGKmBwBDBy28EnRjORxTNe269KSSr5un5qyWi1iL61wLxpd+ZOg==",
      "license": "MIT"
    },
    "node_modules/v8-compile-cache-lib": {
      "version": "3.0.1",
      "resolved": "https://registry.npmjs.org/v8-compile-cache-lib/-/v8-compile-cache-lib-3.0.1.tgz",
      "integrity": "sha512-wa7YjyUGfNZngI/vtK0UHAN+lgDCxBPCylVXGp0zu59Fz5aiGtNXaq3DhIov063MorB+VfufLh3JlF2KdTK3xg==",
      "license": "MIT"
    },
    "node_modules/validator": {
      "version": "13.12.0",
      "resolved": "https://registry.npmjs.org/validator/-/validator-13.12.0.tgz",
      "integrity": "sha512-c1Q0mCiPlgdTVVVIJIrBuxNicYE+t/7oKeI9MWLj3fh/uq2Pxh/3eeWbVZ4OcGW1TUf53At0njHw5SMdA3tmMg==",
      "license": "MIT",
      "engines": {
        "node": ">= 0.10"
      }
    },
    "node_modules/xtend": {
      "version": "4.0.2",
      "resolved": "https://registry.npmjs.org/xtend/-/xtend-4.0.2.tgz",
      "integrity": "sha512-LKYU1iAXJXUgAXn9URjiu+MWhyUXHsvfp7mcuYm9dSUKK0/CjtrUwFAxD82/mCWbtLsGjFIad0wIsod4zrTAEQ==",
      "license": "MIT",
      "engines": {
        "node": ">=0.4"
      }
    },
    "node_modules/yn": {
      "version": "3.1.1",
      "resolved": "https://registry.npmjs.org/yn/-/yn-3.1.1.tgz",
      "integrity": "sha512-Ux4ygGWsu2c7isFWe8Yu1YluJmqVhxqK2cLXNQA5AcC3QfbGNpM7fu0Y8b/z16pXLnFxZYvWhd3fhBY9DLmC6Q==",
      "license": "MIT",
      "engines": {
        "node": ">=6"
      }
    }
  }
}
